github.com/aryasukmawijaya/go-say-hello v1.0.0 h1:1hkvHyE4eXUZXF+u1m6i31p+8m4PVMSynyrm6z9k9zw=
github.com/aryasukmawijaya/go-say-hello v1.0.0/go.mod h1:2vsff4yOlVpa8dsW9OSWokQKvRfbkGGSD5JSake1Ue4=
github.com/aryasukmawijaya/go-say-hello v1.5.0 h1:wsKzTGBPnVFKR++htfRnglbDvPi8+0UQgDQL0GUkzfs=
github.com/aryasukmawijaya/go-say-hello v1.5.0/go.mod h1:2vsff4yOlVpa8dsW9OSWokQKvRfbkGGSD5JSake1Ue4=
